
Microsoft Visual Studio Solution File, Format Version 12.00
# Visual Studio Version 17
VisualStudioVersion = 17.6.33723.286
MinimumVisualStudioVersion = 10.0.40219.1
Project("{FAE04EC0-301F-11D3-BF4B-00C04F79EFBC}") = "Inheritance", "Inheritance\Inheritance.csproj", "{B0752B13-C70B-4A25-B178-DF8CDA85CF85}"
EndProject
Global
	GlobalSection(SolutionConfigurationPlatforms) = preSolution
		Debug|Any CPU = Debug|Any CPU
		Release|Any CPU = Release|Any CPU
	EndGlobalSection
	GlobalSection(ProjectConfigurationPlatforms) = postSolution
		{B0752B13-C70B-4A25-B178-DF8CDA85CF85}.Debug|Any CPU.ActiveCfg = Debug|Any CPU
		{B0752B13-C70B-4A25-B178-DF8CDA85CF85}.Debug|Any CPU.Build.0 = Debug|Any CPU
		{B0752B13-C70B-4A25-B178-DF8CDA85CF85}.Release|Any CPU.ActiveCfg = Release|Any CPU
		{B0752B13-C70B-4A25-B178-DF8CDA85CF85}.Release|Any CPU.Build.0 = Release|Any CPU
	EndGlobalSection
	GlobalSection(SolutionProperties) = preSolution
		HideSolutionNode = FALSE
	EndGlobalSection
	GlobalSection(ExtensibilityGlobals) = postSolution
		SolutionGuid = {F628CB57-F70A-478A-BEE2-C51823E1C2C9}
	EndGlobalSection
EndGlobal
